
Microsoft Visual Studio Solution File, Format Version 12.00
# Visual Studio Version 17
VisualStudioVersion = 17.14.36221.1
MinimumVisualStudioVersion = 10.0.40219.1
Project("{FAE04EC0-301F-11D3-BF4B-00C04F79EFBC}") = "FinanzApp", "FinanzApp\FinanzApp.csproj", "{9D0CA8DE-FF70-4074-A234-C7837DBD0196}"
EndProject
Project("{FAE04EC0-301F-11D3-BF4B-00C04F79EFBC}") = "FinanzApp.core", "FinanzApp.core\FinanzApp.core.csproj", "{4DA4D167-EBF2-43BE-B017-FBBEF8061183}"
EndProject
Global
	GlobalSection(SolutionConfigurationPlatforms) = preSolution
		Debug|Any CPU = Debug|Any CPU
		Release|Any CPU = Release|Any CPU
	EndGlobalSection
	GlobalSection(ProjectConfigurationPlatforms) = postSolution
		{9D0CA8DE-FF70-4074-A234-C7837DBD0196}.Debug|Any CPU.ActiveCfg = Debug|Any CPU
		{9D0CA8DE-FF70-4074-A234-C7837DBD0196}.Debug|Any CPU.Build.0 = Debug|Any CPU
		{9D0CA8DE-FF70-4074-A234-C7837DBD0196}.Release|Any CPU.ActiveCfg = Release|Any CPU
		{9D0CA8DE-FF70-4074-A234-C7837DBD0196}.Release|Any CPU.Build.0 = Release|Any CPU
		{4DA4D167-EBF2-43BE-B017-FBBEF8061183}.Debug|Any CPU.ActiveCfg = Debug|Any CPU
		{4DA4D167-EBF2-43BE-B017-FBBEF8061183}.Debug|Any CPU.Build.0 = Debug|Any CPU
		{4DA4D167-EBF2-43BE-B017-FBBEF8061183}.Release|Any CPU.ActiveCfg = Release|Any CPU
		{4DA4D167-EBF2-43BE-B017-FBBEF8061183}.Release|Any CPU.Build.0 = Release|Any CPU
	EndGlobalSection
	GlobalSection(SolutionProperties) = preSolution
		HideSolutionNode = FALSE
	EndGlobalSection
	GlobalSection(ExtensibilityGlobals) = postSolution
		SolutionGuid = {2F15B063-BE78-486C-804B-F6F504566F5B}
	EndGlobalSection
EndGlobal
